// !$*UTF8*$!
{
	archiveVersion = 1;
	classes = {
	};
	objectVersion = 77;
	objects = {

/* Begin PBXBuildFile section */
		04CF5F3A1E36DEEB4D5532FE /* DesignSystem in Frameworks */ = {isa = PBXBuildFile; productRef = 50F5859FA64BCAD959679757 /* DesignSystem */; };
		0F830B93F94D52F59501F103 /* Features in Frameworks */ = {isa = PBXBuildFile; productRef = E63F26C1554F98D2D4AF1F72 /* Features */; };
		106076B6DBC4E10A08FACC9B /* HouseDashTokenTests.swift in Sources */ = {isa = PBXBuildFile; fileRef = 211B04A706AAE885C3C1D542 /* HouseDashTokenTests.swift */; };
		3270A49954729693776D400D /* OFL.txt in Resources */ = {isa = PBXBuildFile; fileRef = 31B16CE3712CF2C0E58B3A56 /* OFL.txt */; };
		57DA082E4E4251E7DE16AEF7 /* Assets.xcassets in Resources */ = {isa = PBXBuildFile; fileRef = A88C9AB5C99C8993DA1FA408 /* Assets.xcassets */; };
		633CB78CCD9D5E177B51E417 /* Networking in Frameworks */ = {isa = PBXBuildFile; productRef = CD1743F6D2810D45CD4A058A /* Networking */; };
		6DEAF418D8560F596994E96F /* ZillaSlab-SemiBold.ttf in Resources */ = {isa = PBXBuildFile; fileRef = 3BD36E54CE08A21BAC15A35C /* ZillaSlab-SemiBold.ttf */; };
		7DC4C97BF0947E1A888A76F1 /* DesignSystem in Frameworks */ = {isa = PBXBuildFile; productRef = DD35738FA4E02D7E92B6509C /* DesignSystem */; };
		D675406D265FC9603890AE50 /* HouseDashApp.swift in Sources */ = {isa = PBXBuildFile; fileRef = B7FCE13D9FE84371462DF2C8 /* HouseDashApp.swift */; };
/* End PBXBuildFile section */

/* Begin PBXContainerItemProxy section */
		B79866F1BB4B3C98825FC3FA /* PBXContainerItemProxy */ = {
			isa = PBXContainerItemProxy;
			containerPortal = 1246FDF9BC2C5A86AC172903 /* Project object */;
			proxyType = 1;
			remoteGlobalIDString = CDC6FABB14E1D9A9669AC922;
			remoteInfo = HouseDash;
		};
/* End PBXContainerItemProxy section */

/* Begin PBXFileReference section */
		13A3F221A33863E38117DE46 /* HouseDashTests.xctest */ = {isa = PBXFileReference; includeInIndex = 0; lastKnownFileType = wrapper.cfbundle; path = HouseDashTests.xctest; sourceTree = BUILT_PRODUCTS_DIR; };
		211B04A706AAE885C3C1D542 /* HouseDashTokenTests.swift */ = {isa = PBXFileReference; lastKnownFileType = sourcecode.swift; path = HouseDashTokenTests.swift; sourceTree = "<group>"; };
		31B16CE3712CF2C0E58B3A56 /* OFL.txt */ = {isa = PBXFileReference; lastKnownFileType = text; path = OFL.txt; sourceTree = "<group>"; };
		3BD36E54CE08A21BAC15A35C /* ZillaSlab-SemiBold.ttf */ = {isa = PBXFileReference; lastKnownFileType = file; path = "ZillaSlab-SemiBold.ttf"; sourceTree = "<group>"; };
		41CF8754C7CA81359475DF55 /* Features */ = {isa = PBXFileReference; lastKnownFileType = folder; name = Features; path = Packages/Features; sourceTree = SOURCE_ROOT; };
		5F6B87FAF883787C451DE38D /* HouseDash.app */ = {isa = PBXFileReference; includeInIndex = 0; lastKnownFileType = wrapper.application; path = HouseDash.app; sourceTree = BUILT_PRODUCTS_DIR; };
		930C3424AB853F75893D4974 /* Networking */ = {isa = PBXFileReference; lastKnownFileType = folder; name = Networking; path = Packages/Networking; sourceTree = SOURCE_ROOT; };
		A88C9AB5C99C8993DA1FA408 /* Assets.xcassets */ = {isa = PBXFileReference; lastKnownFileType = folder.assetcatalog; path = Assets.xcassets; sourceTree = "<group>"; };
		B7FCE13D9FE84371462DF2C8 /* HouseDashApp.swift */ = {isa = PBXFileReference; lastKnownFileType = sourcecode.swift; path = HouseDashApp.swift; sourceTree = "<group>"; };
		F53793101B6E8A76E437E045 /* DesignSystem */ = {isa = PBXFileReference; lastKnownFileType = folder; name = DesignSystem; path = Packages/DesignSystem; sourceTree = SOURCE_ROOT; };
/* End PBXFileReference section */

/* Begin PBXFrameworksBuildPhase section */
		06769F6DB01B9DB44CB1B99A /* Frameworks */ = {
			isa = PBXFrameworksBuildPhase;
			buildActionMask = 2147483647;
			files = (
				7DC4C97BF0947E1A888A76F1 /* DesignSystem in Frameworks */,
			);
			runOnlyForDeploymentPostprocessing = 0;
		};
		6D23F7D3FE96ECB8D80ACA29 /* Frameworks */ = {
			isa = PBXFrameworksBuildPhase;
			buildActionMask = 2147483647;
			files = (
				04CF5F3A1E36DEEB4D5532FE /* DesignSystem in Frameworks */,
				633CB78CCD9D5E177B51E417 /* Networking in Frameworks */,
				0F830B93F94D52F59501F103 /* Features in Frameworks */,
			);
			runOnlyForDeploymentPostprocessing = 0;
		};
/* End PBXFrameworksBuildPhase section */

/* Begin PBXGroup section */
		4B9384320069BAAB697BD66F /* Packages */ = {
			isa = PBXGroup;
			children = (
				F53793101B6E8A76E437E045 /* DesignSystem */,
				41CF8754C7CA81359475DF55 /* Features */,
				930C3424AB853F75893D4974 /* Networking */,
			);
			path = Packages;
			sourceTree = "<group>";
		};
		4EB7F4C532CB33FFB48D16F5 /* Fonts */ = {
			isa = PBXGroup;
			children = (
				31B16CE3712CF2C0E58B3A56 /* OFL.txt */,
				3BD36E54CE08A21BAC15A35C /* ZillaSlab-SemiBold.ttf */,
			);
			path = Fonts;
			sourceTree = "<group>";
		};
		6403EAACF909A6AB9C57DB7A /* HouseDash */ = {
			isa = PBXGroup;
			children = (
				A88C9AB5C99C8993DA1FA408 /* Assets.xcassets */,
				B7FCE13D9FE84371462DF2C8 /* HouseDashApp.swift */,
				4EB7F4C532CB33FFB48D16F5 /* Fonts */,
			);
			path = HouseDash;
			sourceTree = "<group>";
		};
		6A943B9DE13E8DE445FC499D /* HouseDashTests */ = {
			isa = PBXGroup;
			children = (
				211B04A706AAE885C3C1D542 /* HouseDashTokenTests.swift */,
			);
			path = HouseDashTests;
			sourceTree = "<group>";
		};
		724F53DC74E1F08450F1899A /* Products */ = {
			isa = PBXGroup;
			children = (
				5F6B87FAF883787C451DE38D /* HouseDash.app */,
				13A3F221A33863E38117DE46 /* HouseDashTests.xctest */,
			);
			name = Products;
			sourceTree = "<group>";
		};
		738A3D64D237179E79D7D15E = {
			isa = PBXGroup;
			children = (
				F9D2EB42771948D9C124BC73 /* App */,
				6A943B9DE13E8DE445FC499D /* HouseDashTests */,
				4B9384320069BAAB697BD66F /* Packages */,
				724F53DC74E1F08450F1899A /* Products */,
			);
			sourceTree = "<group>";
		};
		F9D2EB42771948D9C124BC73 /* App */ = {
			isa = PBXGroup;
			children = (
				6403EAACF909A6AB9C57DB7A /* HouseDash */,
			);
			path = App;
			sourceTree = "<group>";
		};
/* End PBXGroup section */

/* Begin PBXNativeTarget section */
		1FEF70A6B0EF76AE44412B0F /* HouseDashTests */ = {
			isa = PBXNativeTarget;
			buildConfigurationList = FE358A5DFA033A0AAA88A8E3 /* Build configuration list for PBXNativeTarget "HouseDashTests" */;
			buildPhases = (
				B1148B1C5CF1D30C7E187148 /* Sources */,
				06769F6DB01B9DB44CB1B99A /* Frameworks */,
			);
			buildRules = (
			);
			dependencies = (
				3BE47782B5BE2090B3FFC167 /* PBXTargetDependency */,
			);
			name = HouseDashTests;
			packageProductDependencies = (
				DD35738FA4E02D7E92B6509C /* DesignSystem */,
			);
			productName = HouseDashTests;
			productReference = 13A3F221A33863E38117DE46 /* HouseDashTests.xctest */;
			productType = "com.apple.product-type.bundle.unit-test";
		};
		CDC6FABB14E1D9A9669AC922 /* HouseDash */ = {
			isa = PBXNativeTarget;
			buildConfigurationList = FA7DC6F378FB25D8F8F72C02 /* Build configuration list for PBXNativeTarget "HouseDash" */;
			buildPhases = (
				D7D340EC7D4937D035BC52A1 /* Sources */,
				7F428E0995E75E672A2D21CD /* Resources */,
				6D23F7D3FE96ECB8D80ACA29 /* Frameworks */,
			);
			buildRules = (
			);
			dependencies = (
			);
			name = HouseDash;
			packageProductDependencies = (
				50F5859FA64BCAD959679757 /* DesignSystem */,
				CD1743F6D2810D45CD4A058A /* Networking */,
				E63F26C1554F98D2D4AF1F72 /* Features */,
			);
			productName = HouseDash;
			productReference = 5F6B87FAF883787C451DE38D /* HouseDash.app */;
			productType = "com.apple.product-type.application";
		};
/* End PBXNativeTarget section */

/* Begin PBXProject section */
		1246FDF9BC2C5A86AC172903 /* Project object */ = {
			isa = PBXProject;
			attributes = {
				BuildIndependentTargetsInParallel = YES;
				LastUpgradeCheck = 1430;
				TargetAttributes = {
					1FEF70A6B0EF76AE44412B0F = {
						DevelopmentTeam = "";
						ProvisioningStyle = Automatic;
					};
					CDC6FABB14E1D9A9669AC922 = {
						DevelopmentTeam = "";
						ProvisioningStyle = Automatic;
					};
				};
			};
			buildConfigurationList = FE2B318060EEB91E08F8CDAB /* Build configuration list for PBXProject "HouseDash" */;
			developmentRegion = en;
			hasScannedForEncodings = 0;
			knownRegions = (
				Base,
				en,
			);
			mainGroup = 738A3D64D237179E79D7D15E;
			minimizedProjectReferenceProxies = 1;
			packageReferences = (
				9B0F07E30FC5AD25B4A6D062 /* XCLocalSwiftPackageReference "Packages/DesignSystem" */,
				0EE264997AF65D91DF7AD0AA /* XCLocalSwiftPackageReference "Packages/Features" */,
				5A79F4034FAEAC9BCD0895D0 /* XCLocalSwiftPackageReference "Packages/Networking" */,
			);
			preferredProjectObjectVersion = 77;
			productRefGroup = 724F53DC74E1F08450F1899A /* Products */;
			projectDirPath = "";
			projectRoot = "";
			targets = (
				CDC6FABB14E1D9A9669AC922 /* HouseDash */,
				1FEF70A6B0EF76AE44412B0F /* HouseDashTests */,
			);
		};
/* End PBXProject section */

/* Begin PBXResourcesBuildPhase section */
		7F428E0995E75E672A2D21CD /* Resources */ = {
			isa = PBXResourcesBuildPhase;
			buildActionMask = 2147483647;
			files = (
				57DA082E4E4251E7DE16AEF7 /* Assets.xcassets in Resources */,
				3270A49954729693776D400D /* OFL.txt in Resources */,
				6DEAF418D8560F596994E96F /* ZillaSlab-SemiBold.ttf in Resources */,
			);
			runOnlyForDeploymentPostprocessing = 0;
		};
/* End PBXResourcesBuildPhase section */

/* Begin PBXSourcesBuildPhase section */
		B1148B1C5CF1D30C7E187148 /* Sources */ = {
			isa = PBXSourcesBuildPhase;
			buildActionMask = 2147483647;
			files = (
				106076B6DBC4E10A08FACC9B /* HouseDashTokenTests.swift in Sources */,
			);
			runOnlyForDeploymentPostprocessing = 0;
		};
		D7D340EC7D4937D035BC52A1 /* Sources */ = {
			isa = PBXSourcesBuildPhase;
			buildActionMask = 2147483647;
			files = (
				D675406D265FC9603890AE50 /* HouseDashApp.swift in Sources */,
			);
			runOnlyForDeploymentPostprocessing = 0;
		};
/* End PBXSourcesBuildPhase section */

/* Begin PBXTargetDependency section */
		3BE47782B5BE2090B3FFC167 /* PBXTargetDependency */ = {
			isa = PBXTargetDependency;
			target = CDC6FABB14E1D9A9669AC922 /* HouseDash */;
			targetProxy = B79866F1BB4B3C98825FC3FA /* PBXContainerItemProxy */;
		};
/* End PBXTargetDependency section */

/* Begin XCBuildConfiguration section */
		3FDB3CFCC0F2579AF9F1E345 /* Release */ = {
			isa = XCBuildConfiguration;
			buildSettings = {
				BUNDLE_LOADER = "$(TEST_HOST)";
				GENERATE_INFOPLIST_FILE = YES;
				LD_RUNPATH_SEARCH_PATHS = (
					"$(inherited)",
					"@executable_path/Frameworks",
					"@loader_path/Frameworks",
				);
				PRODUCT_BUNDLE_IDENTIFIER = com.housedash.app.tests;
				SDKROOT = iphoneos;
				TARGETED_DEVICE_FAMILY = "1,2";
				TEST_HOST = "$(BUILT_PRODUCTS_DIR)/HouseDash.app/HouseDash";
			};
			name = Release;
		};
		85AE4E7EAE67435A230E8C89 /* Debug */ = {
			isa = XCBuildConfiguration;
			buildSettings = {
				ALWAYS_SEARCH_USER_PATHS = NO;
				CLANG_ANALYZER_NONNULL = YES;
				CLANG_ANALYZER_NUMBER_OBJECT_CONVERSION = YES_AGGRESSIVE;
				CLANG_CXX_LANGUAGE_STANDARD = "gnu++14";
				CLANG_CXX_LIBRARY = "libc++";
				CLANG_ENABLE_MODULES = YES;
				CLANG_ENABLE_OBJC_ARC = YES;
				CLANG_ENABLE_OBJC_WEAK = YES;
				CLANG_WARN_BLOCK_CAPTURE_AUTORELEASING = YES;
				CLANG_WARN_BOOL_CONVERSION = YES;
				CLANG_WARN_COMMA = YES;
				CLANG_WARN_CONSTANT_CONVERSION = YES;
				CLANG_WARN_DEPRECATED_OBJC_IMPLEMENTATIONS = YES;
				CLANG_WARN_DIRECT_OBJC_ISA_USAGE = YES_ERROR;
				CLANG_WARN_DOCUMENTATION_COMMENTS = YES;
				CLANG_WARN_EMPTY_BODY = YES;
				CLANG_WARN_ENUM_CONVERSION = YES;
				CLANG_WARN_INFINITE_RECURSION = YES;
				CLANG_WARN_INT_CONVERSION = YES;
				CLANG_WARN_NON_LITERAL_NULL_CONVERSION = YES;
				CLANG_WARN_OBJC_IMPLICIT_RETAIN_SELF = YES;
				CLANG_WARN_OBJC_LITERAL_CONVERSION = YES;
				CLANG_WARN_OBJC_ROOT_CLASS = YES_ERROR;
				CLANG_WARN_QUOTED_INCLUDE_IN_FRAMEWORK_HEADER = YES;
				CLANG_WARN_RANGE_LOOP_ANALYSIS = YES;
				CLANG_WARN_STRICT_PROTOTYPES = YES;
				CLANG_WARN_SUSPICIOUS_MOVE = YES;
				CLANG_WARN_UNGUARDED_AVAILABILITY = YES_AGGRESSIVE;
				CLANG_WARN_UNREACHABLE_CODE = YES;
				CLANG_WARN__DUPLICATE_METHOD_MATCH = YES;
				CODE_SIGN_STYLE = Automatic;
				COPY_PHASE_STRIP = NO;
				CURRENT_PROJECT_VERSION = 1;
				DEBUG_INFORMATION_FORMAT = dwarf;
				DEVELOPMENT_TEAM = "";
				ENABLE_STRICT_OBJC_MSGSEND = YES;
				ENABLE_TESTABILITY = YES;
				GCC_C_LANGUAGE_STANDARD = gnu11;
				GCC_DYNAMIC_NO_PIC = NO;
				GCC_NO_COMMON_BLOCKS = YES;
				GCC_OPTIMIZATION_LEVEL = 0;
				GCC_PREPROCESSOR_DEFINITIONS = (
					"$(inherited)",
					"DEBUG=1",
				);
				GCC_WARN_64_TO_32_BIT_CONVERSION = YES;
				GCC_WARN_ABOUT_RETURN_TYPE = YES_ERROR;
				GCC_WARN_UNDECLARED_SELECTOR = YES;
				GCC_WARN_UNINITIALIZED_AUTOS = YES_AGGRESSIVE;
				GCC_WARN_UNUSED_FUNCTION = YES;
				GCC_WARN_UNUSED_VARIABLE = YES;
				IPHONEOS_DEPLOYMENT_TARGET = 18.0;
				MARKETING_VERSION = 1.0.0;
				MTL_ENABLE_DEBUG_INFO = INCLUDE_SOURCE;
				MTL_FAST_MATH = YES;
				ONLY_ACTIVE_ARCH = YES;
				PRODUCT_NAME = "$(TARGET_NAME)";
				SDKROOT = iphoneos;
				SWIFT_ACTIVE_COMPILATION_CONDITIONS = DEBUG;
				SWIFT_OPTIMIZATION_LEVEL = "-Onone";
				SWIFT_STRICT_CONCURRENCY = complete;
				SWIFT_VERSION = 6.0;
			};
			name = Debug;
		};
		9B65A14B561AEBE7712D91E2 /* Debug */ = {
			isa = XCBuildConfiguration;
			buildSettings = {
				ASSETCATALOG_COMPILER_APPICON_NAME = AppIcon;
				CODE_SIGN_IDENTITY = "iPhone Developer";
				INFOPLIST_FILE = "Generated/HouseDash-Info.plist";
				LD_RUNPATH_SEARCH_PATHS = (
					"$(inherited)",
					"@executable_path/Frameworks",
				);
				PRODUCT_BUNDLE_IDENTIFIER = com.housedash.app;
				PRODUCT_NAME = HouseDash;
				SDKROOT = iphoneos;
				TARGETED_DEVICE_FAMILY = 1;
			};
			name = Debug;
		};
		E0CB15DBAB4773519B046E4F /* Debug */ = {
			isa = XCBuildConfiguration;
			buildSettings = {
				BUNDLE_LOADER = "$(TEST_HOST)";
				GENERATE_INFOPLIST_FILE = YES;
				LD_RUNPATH_SEARCH_PATHS = (
					"$(inherited)",
					"@executable_path/Frameworks",
					"@loader_path/Frameworks",
				);
				PRODUCT_BUNDLE_IDENTIFIER = com.housedash.app.tests;
				SDKROOT = iphoneos;
				TARGETED_DEVICE_FAMILY = "1,2";
				TEST_HOST = "$(BUILT_PRODUCTS_DIR)/HouseDash.app/HouseDash";
			};
			name = Debug;
		};
		E58C1D05A65E1FC5F53DA277 /* Release */ = {
			isa = XCBuildConfiguration;
			buildSettings = {
				ALWAYS_SEARCH_USER_PATHS = NO;
				CLANG_ANALYZER_NONNULL = YES;
				CLANG_ANALYZER_NUMBER_OBJECT_CONVERSION = YES_AGGRESSIVE;
				CLANG_CXX_LANGUAGE_STANDARD = "gnu++14";
				CLANG_CXX_LIBRARY = "libc++";
				CLANG_ENABLE_MODULES = YES;
				CLANG_ENABLE_OBJC_ARC = YES;
				CLANG_ENABLE_OBJC_WEAK = YES;
				CLANG_WARN_BLOCK_CAPTURE_AUTORELEASING = YES;
				CLANG_WARN_BOOL_CONVERSION = YES;
				CLANG_WARN_COMMA = YES;
				CLANG_WARN_CONSTANT_CONVERSION = YES;
				CLANG_WARN_DEPRECATED_OBJC_IMPLEMENTATIONS = YES;
				CLANG_WARN_DIRECT_OBJC_ISA_USAGE = YES_ERROR;
				CLANG_WARN_DOCUMENTATION_COMMENTS = YES;
				CLANG_WARN_EMPTY_BODY = YES;
				CLANG_WARN_ENUM_CONVERSION = YES;
				CLANG_WARN_INFINITE_RECURSION = YES;
				CLANG_WARN_INT_CONVERSION = YES;
				CLANG_WARN_NON_LITERAL_NULL_CONVERSION = YES;
				CLANG_WARN_OBJC_IMPLICIT_RETAIN_SELF = YES;
				CLANG_WARN_OBJC_LITERAL_CONVERSION = YES;
				CLANG_WARN_OBJC_ROOT_CLASS = YES_ERROR;
				CLANG_WARN_QUOTED_INCLUDE_IN_FRAMEWORK_HEADER = YES;
				CLANG_WARN_RANGE_LOOP_ANALYSIS = YES;
				CLANG_WARN_STRICT_PROTOTYPES = YES;
				CLANG_WARN_SUSPICIOUS_MOVE = YES;
				CLANG_WARN_UNGUARDED_AVAILABILITY = YES_AGGRESSIVE;
				CLANG_WARN_UNREACHABLE_CODE = YES;
				CLANG_WARN__DUPLICATE_METHOD_MATCH = YES;
				CODE_SIGN_STYLE = Automatic;
				COPY_PHASE_STRIP = NO;
				CURRENT_PROJECT_VERSION = 1;
				DEBUG_INFORMATION_FORMAT = "dwarf-with-dsym";
				DEVELOPMENT_TEAM = "";
				ENABLE_NS_ASSERTIONS = NO;
				ENABLE_STRICT_OBJC_MSGSEND = YES;
				GCC_C_LANGUAGE_STANDARD = gnu11;
				GCC_NO_COMMON_BLOCKS = YES;
				GCC_WARN_64_TO_32_BIT_CONVERSION = YES;
				GCC_WARN_ABOUT_RETURN_TYPE = YES_ERROR;
				GCC_WARN_UNDECLARED_SELECTOR = YES;
				GCC_WARN_UNINITIALIZED_AUTOS = YES_AGGRESSIVE;
				GCC_WARN_UNUSED_FUNCTION = YES;
				GCC_WARN_UNUSED_VARIABLE = YES;
				IPHONEOS_DEPLOYMENT_TARGET = 18.0;
				MARKETING_VERSION = 1.0.0;
				MTL_ENABLE_DEBUG_INFO = NO;
				MTL_FAST_MATH = YES;
				PRODUCT_NAME = "$(TARGET_NAME)";
				SDKROOT = iphoneos;
				SWIFT_COMPILATION_MODE = wholemodule;
				SWIFT_OPTIMIZATION_LEVEL = "-O";
				SWIFT_STRICT_CONCURRENCY = complete;
				SWIFT_VERSION = 6.0;
			};
			name = Release;
		};
		EC978F09D17C536008BFADF7 /* Release */ = {
			isa = XCBuildConfiguration;
			buildSettings = {
				ASSETCATALOG_COMPILER_APPICON_NAME = AppIcon;
				CODE_SIGN_IDENTITY = "iPhone Developer";
				INFOPLIST_FILE = "Generated/HouseDash-Info.plist";
				LD_RUNPATH_SEARCH_PATHS = (
					"$(inherited)",
					"@executable_path/Frameworks",
				);
				PRODUCT_BUNDLE_IDENTIFIER = com.housedash.app;
				PRODUCT_NAME = HouseDash;
				SDKROOT = iphoneos;
				TARGETED_DEVICE_FAMILY = 1;
			};
			name = Release;
		};
/* End XCBuildConfiguration section */

/* Begin XCConfigurationList section */
		FA7DC6F378FB25D8F8F72C02 /* Build configuration list for PBXNativeTarget "HouseDash" */ = {
			isa = XCConfigurationList;
			buildConfigurations = (
				9B65A14B561AEBE7712D91E2 /* Debug */,
				EC978F09D17C536008BFADF7 /* Release */,
			);
			defaultConfigurationIsVisible = 0;
			defaultConfigurationName = Debug;
		};
		FE2B318060EEB91E08F8CDAB /* Build configuration list for PBXProject "HouseDash" */ = {
			isa = XCConfigurationList;
			buildConfigurations = (
				85AE4E7EAE67435A230E8C89 /* Debug */,
				E58C1D05A65E1FC5F53DA277 /* Release */,
			);
			defaultConfigurationIsVisible = 0;
			defaultConfigurationName = Debug;
		};
		FE358A5DFA033A0AAA88A8E3 /* Build configuration list for PBXNativeTarget "HouseDashTests" */ = {
			isa = XCConfigurationList;
			buildConfigurations = (
				E0CB15DBAB4773519B046E4F /* Debug */,
				3FDB3CFCC0F2579AF9F1E345 /* Release */,
			);
			defaultConfigurationIsVisible = 0;
			defaultConfigurationName = Debug;
		};
/* End XCConfigurationList section */

/* Begin XCLocalSwiftPackageReference section */
		0EE264997AF65D91DF7AD0AA /* XCLocalSwiftPackageReference "Packages/Features" */ = {
			isa = XCLocalSwiftPackageReference;
			relativePath = Packages/Features;
		};
		5A79F4034FAEAC9BCD0895D0 /* XCLocalSwiftPackageReference "Packages/Networking" */ = {
			isa = XCLocalSwiftPackageReference;
			relativePath = Packages/Networking;
		};
		9B0F07E30FC5AD25B4A6D062 /* XCLocalSwiftPackageReference "Packages/DesignSystem" */ = {
			isa = XCLocalSwiftPackageReference;
			relativePath = Packages/DesignSystem;
		};
/* End XCLocalSwiftPackageReference section */

/* Begin XCSwiftPackageProductDependency section */
		50F5859FA64BCAD959679757 /* DesignSystem */ = {
			isa = XCSwiftPackageProductDependency;
			productName = DesignSystem;
		};
		CD1743F6D2810D45CD4A058A /* Networking */ = {
			isa = XCSwiftPackageProductDependency;
			productName = Networking;
		};
		DD35738FA4E02D7E92B6509C /* DesignSystem */ = {
			isa = XCSwiftPackageProductDependency;
			productName = DesignSystem;
		};
		E63F26C1554F98D2D4AF1F72 /* Features */ = {
			isa = XCSwiftPackageProductDependency;
			productName = Features;
		};
/* End XCSwiftPackageProductDependency section */
	};
	rootObject = 1246FDF9BC2C5A86AC172903 /* Project object */;
}
